// !$*UTF8*$!
{
	archiveVersion = 1;
	classes = {
	};
	objectVersion = 50;
	objects = {

/* Begin PBXBuildFile section */
		148A96702296A4D90062E040 /* AppDelegate.m in Sources */ = {isa = PBXBuildFile; fileRef = 148A966F2296A4D90062E040 /* AppDelegate.m */; };
		148A96732296A4D90062E040 /* ViewController.m in Sources */ = {isa = PBXBuildFile; fileRef = 148A96722296A4D90062E040 /* ViewController.m */; };
		148A96762296A4D90062E040 /* Main.storyboard in Resources */ = {isa = PBXBuildFile; fileRef = 148A96742296A4D90062E040 /* Main.storyboard */; };
		148A96782296A4DA0062E040 /* Assets.xcassets in Resources */ = {isa = PBXBuildFile; fileRef = 148A96772296A4DA0062E040 /* Assets.xcassets */; };
		148A967B2296A4DA0062E040 /* LaunchScreen.storyboard in Resources */ = {isa = PBXBuildFile; fileRef = 148A96792296A4DA0062E040 /* LaunchScreen.storyboard */; };
		148A967E2296A4DA0062E040 /* main.m in Sources */ = {isa = PBXBuildFile; fileRef = 148A967D2296A4DA0062E040 /* main.m */; };
		148A96862296A5280062E040 /* AClass.m in Sources */ = {isa = PBXBuildFile; fileRef = 148A96852296A5280062E040 /* AClass.m */; };
/* End PBXBuildFile section */

/* Begin PBXFileReference section */
		148A966B2296A4D90062E040 /* NewTestSDK.app */ = {isa = PBXFileReference; explicitFileType = wrapper.application; includeInIndex = 0; path = NewTestSDK.app; sourceTree = BUILT_PRODUCTS_DIR; };
		148A966E2296A4D90062E040 /* AppDelegate.h */ = {isa = PBXFileReference; lastKnownFileType = sourcecode.c.h; path = AppDelegate.h; sourceTree = "<group>"; };
		148A966F2296A4D90062E040 /* AppDelegate.m */ = {isa = PBXFileReference; lastKnownFileType = sourcecode.c.objc; path = AppDelegate.m; sourceTree = "<group>"; };
		148A96712296A4D90062E040 /* ViewController.h */ = {isa = PBXFileReference; lastKnownFileType = sourcecode.c.h; path = ViewController.h; sourceTree = "<group>"; };
		148A96722296A4D90062E040 /* ViewController.m */ = {isa = PBXFileReference; lastKnownFileType = sourcecode.c.objc; path = ViewController.m; sourceTree = "<group>"; };
		148A96752296A4D90062E040 /* Base */ = {isa = PBXFileReference; lastKnownFileType = file.storyboard; name = Base; path = Base.lproj/Main.storyboard; sourceTree = "<group>"; };
		148A96772296A4DA0062E040 /* Assets.xcassets */ = {isa = PBXFileReference; lastKnownFileType = folder.assetcatalog; path = Assets.xcassets; sourceTree = "<group>"; };
		148A967A2296A4DA0062E040 /* Base */ = {isa = PBXFileReference; lastKnownFileType = file.storyboard; name = Base; path = Base.lproj/LaunchScreen.storyboard; sourceTree = "<group>"; };
		148A967C2296A4DA0062E040 /* Info.plist */ = {isa = PBXFileReference; lastKnownFileType = text.plist.xml; path = Info.plist; sourceTree = "<group>"; };
		148A967D2296A4DA0062E040 /* main.m */ = {isa = PBXFileReference; lastKnownFileType = sourcecode.c.objc; path = main.m; sourceTree = "<group>"; };
		148A96842296A5280062E040 /* AClass.h */ = {isa = PBXFileReference; lastKnownFileType = sourcecode.c.h; path = AClass.h; sourceTree = "<group>"; };
		148A96852296A5280062E040 /* AClass.m */ = {isa = PBXFileReference; lastKnownFileType = sourcecode.c.objc; path = AClass.m; sourceTree = "<group>"; };
/* End PBXFileReference section */

/* Begin PBXFrameworksBuildPhase section */
		148A96682296A4D90062E040 /* Frameworks */ = {
			isa = PBXFrameworksBuildPhase;
			buildActionMask = 2147483647;
			files = (
			);
			runOnlyForDeploymentPostprocessing = 0;
		};
/* End PBXFrameworksBuildPhase section */

/* Begin PBXGroup section */
		148A96622296A4D90062E040 = {
			isa = PBXGroup;
			children = (
				148A966D2296A4D90062E040 /* NewTestSDK */,
				148A966C2296A4D90062E040 /* Products */,
			);
			sourceTree = "<group>";
		};
		148A966C2296A4D90062E040 /* Products */ = {
			isa = PBXGroup;
			children = (
				148A966B2296A4D90062E040 /* NewTestSDK.app */,
			);
			name = Products;
			sourceTree = "<group>";
		};
		148A966D2296A4D90062E040 /* NewTestSDK */ = {
			isa = PBXGroup;
			children = (
				148A966E2296A4D90062E040 /* AppDelegate.h */,
				148A966F2296A4D90062E040 /* AppDelegate.m */,
				148A96842296A5280062E040 /* AClass.h */,
				148A96852296A5280062E040 /* AClass.m */,
				148A96712296A4D90062E040 /* ViewController.h */,
				148A96722296A4D90062E040 /* ViewController.m */,
				148A96742296A4D90062E040 /* Main.storyboard */,
				148A96772296A4DA0062E040 /* Assets.xcassets */,
				148A96792296A4DA0062E040 /* LaunchScreen.storyboard */,
				148A967C2296A4DA0062E040 /* Info.plist */,
				148A967D2296A4DA0062E040 /* main.m */,
			);
			path = NewTestSDK;
			sourceTree = "<group>";
		};
/* End PBXGroup section */

/* Begin PBXNativeTarget section */
		148A966A2296A4D90062E040 /* NewTestSDK */ = {
			isa = PBXNativeTarget;
			buildConfigurationList = 148A96812296A4DA0062E040 /* Build configuration list for PBXNativeTarget "NewTestSDK" */;
			buildPhases = (
				148A96672296A4D90062E040 /* Sources */,
				148A96682296A4D90062E040 /* Frameworks */,
				148A96692296A4D90062E040 /* Resources */,
			);
			buildRules = (
			);
			dependencies = (
			);
			name = NewTestSDK;
			productName = NewTestSDK;
			productReference = 148A966B2296A4D90062E040 /* NewTestSDK.app */;
			productType = "com.apple.product-type.application";
		};
/* End PBXNativeTarget section */

/* Begin PBXProject section */
		148A96632296A4D90062E040 /* Project object */ = {
			isa = PBXProject;
			attributes = {
				LastUpgradeCheck = 0940;
				ORGANIZATIONNAME = cyh;
				TargetAttributes = {
					148A966A2296A4D90062E040 = {
						CreatedOnToolsVersion = 9.4.1;
					};
				};
			};
			buildConfigurationList = 148A96662296A4D90062E040 /* Build configuration list for PBXProject "NewTestSDK" */;
			compatibilityVersion = "Xcode 9.3";
			developmentRegion = en;
			hasScannedForEncodings = 0;
			knownRegions = (
				en,
				Base,
			);
			mainGroup = 148A96622296A4D90062E040;
			productRefGroup = 148A966C2296A4D90062E040 /* Products */;
			projectDirPath = "";
			projectRoot = "";
			targets = (
				148A966A2296A4D90062E040 /* NewTestSDK */,
			);
		};
/* End PBXProject section */

/* Begin PBXResourcesBuildPhase section */
		148A96692296A4D90062E040 /* Resources */ = {
			isa = PBXResourcesBuildPhase;
			buildActionMask = 2147483647;
			files = (
				148A967B2296A4DA0062E040 /* LaunchScreen.storyboard in Resources */,
				148A96782296A4DA0062E040 /* Assets.xcassets in Resources */,
				148A96762296A4D90062E040 /* Main.storyboard in Resources */,
			);
			runOnlyForDeploymentPostprocessing = 0;
		};
/* End PBXResourcesBuildPhase section */

/* Begin PBXSourcesBuildPhase section */
		148A96672296A4D90062E040 /* Sources */ = {
			isa = PBXSourcesBuildPhase;
			buildActionMask = 2147483647;
			files = (
				148A96732296A4D90062E040 /* ViewController.m in Sources */,
				148A967E2296A4DA0062E040 /* main.m in Sources */,
				148A96862296A5280062E040 /* AClass.m in Sources */,
				148A96702296A4D90062E040 /* AppDelegate.m in Sources */,
			);
			runOnlyForDeploymentPostprocessing = 0;
		};
/* End PBXSourcesBuildPhase section */

/* Begin PBXVariantGroup section */
		148A96742296A4D90062E040 /* Main.storyboard */ = {
			isa = PBXVariantGroup;
			children = (
				148A96752296A4D90062E040 /* Base */,
			);
			name = Main.storyboard;
			sourceTree = "<group>";
		};
		148A96792296A4DA0062E040 /* LaunchScreen.storyboard */ = {
			isa = PBXVariantGroup;
			children = (
				148A967A2296A4DA0062E040 /* Base */,
			);
			name = LaunchScreen.storyboard;
			sourceTree = "<group>";
		};
/* End PBXVariantGroup section */

/* Begin XCBuildConfiguration section */
		148A967F2296A4DA0062E040 /* Debug */ = {
			isa = XCBuildConfiguration;
			buildSettings = {
				ALWAYS_SEARCH_USER_PATHS = NO;
				CLANG_ANALYZER_NONNULL = YES;
				CLANG_ANALYZER_NUMBER_OBJECT_CONVERSION = YES_AGGRESSIVE;
				CLANG_CXX_LANGUAGE_STANDARD = "gnu++14";
				CLANG_CXX_LIBRARY = "libc++";
				CLANG_ENABLE_MODULES = YES;
				CLANG_ENABLE_OBJC_ARC = YES;
				CLANG_ENABLE_OBJC_WEAK = YES;
				CLANG_WARN_BLOCK_CAPTURE_AUTORELEASING = YES;
				CLANG_WARN_BOOL_CONVERSION = YES;
				CLANG_WARN_COMMA = YES;
				CLANG_WARN_CONSTANT_CONVERSION = YES;
				CLANG_WARN_DEPRECATED_OBJC_IMPLEMENTATIONS = YES;
				CLANG_WARN_DIRECT_OBJC_ISA_USAGE = YES_ERROR;
				CLANG_WARN_DOCUMENTATION_COMMENTS = YES;
				CLANG_WARN_EMPTY_BODY = YES;
				CLANG_WARN_ENUM_CONVERSION = YES;
				CLANG_WARN_INFINITE_RECURSION = YES;
				CLANG_WARN_INT_CONVERSION = YES;
				CLANG_WARN_NON_LITERAL_NULL_CONVERSION = YES;
				CLANG_WARN_OBJC_IMPLICIT_RETAIN_SELF = YES;
				CLANG_WARN_OBJC_LITERAL_CONVERSION = YES;
				CLANG_WARN_OBJC_ROOT_CLASS = YES_ERROR;
				CLANG_WARN_RANGE_LOOP_ANALYSIS = YES;
				CLANG_WARN_STRICT_PROTOTYPES = YES;
				CLANG_WARN_SUSPICIOUS_MOVE = YES;
				CLANG_WARN_UNGUARDED_AVAILABILITY = YES_AGGRESSIVE;
				CLANG_WARN_UNREACHABLE_CODE = YES;
				CLANG_WARN__DUPLICATE_METHOD_MATCH = YES;
				CODE_SIGN_IDENTITY = "iPhone Developer";
				COPY_PHASE_STRIP = NO;
				DEBUG_INFORMATION_FORMAT = dwarf;
				ENABLE_STRICT_OBJC_MSGSEND = YES;
				ENABLE_TESTABILITY = YES;
				GCC_C_LANGUAGE_STANDARD = gnu11;
				GCC_DYNAMIC_NO_PIC = NO;
				GCC_NO_COMMON_BLOCKS = YES;
				GCC_OPTIMIZATION_LEVEL = 0;
				GCC_PREPROCESSOR_DEFINITIONS = (
					"DEBUG=1",
					"$(inherited)",
				);
				GCC_WARN_64_TO_32_BIT_CONVERSION = YES;
				GCC_WARN_ABOUT_RETURN_TYPE = YES_ERROR;
				GCC_WARN_UNDECLARED_SELECTOR = YES;
				GCC_WARN_UNINITIALIZED_AUTOS = YES_AGGRESSIVE;
				GCC_WARN_UNUSED_FUNCTION = YES;
				GCC_WARN_UNUSED_VARIABLE = YES;
				IPHONEOS_DEPLOYMENT_TARGET = 11.4;
				MTL_ENABLE_DEBUG_INFO = YES;
				ONLY_ACTIVE_ARCH = YES;
				SDKROOT = iphoneos;
			};
			name = Debug;
		};
		148A96802296A4DA0062E040 /* Release */ = {
			isa = XCBuildConfiguration;
			buildSettings = {
				ALWAYS_SEARCH_USER_PATHS = NO;
				CLANG_ANALYZER_NONNULL = YES;
				CLANG_ANALYZER_NUMBER_OBJECT_CONVERSION = YES_AGGRESSIVE;
				CLANG_CXX_LANGUAGE_STANDARD = "gnu++14";
				CLANG_CXX_LIBRARY = "libc++";
				CLANG_ENABLE_MODULES = YES;
				CLANG_ENABLE_OBJC_ARC = YES;
				CLANG_ENABLE_OBJC_WEAK = YES;
				CLANG_WARN_BLOCK_CAPTURE_AUTORELEASING = YES;
				CLANG_WARN_BOOL_CONVERSION = YES;
				CLANG_WARN_COMMA = YES;
				CLANG_WARN_CONSTANT_CONVERSION = YES;
				CLANG_WARN_DEPRECATED_OBJC_IMPLEMENTATIONS = YES;
				CLANG_WARN_DIRECT_OBJC_ISA_USAGE = YES_ERROR;
				CLANG_WARN_DOCUMENTATION_COMMENTS = YES;
				CLANG_WARN_EMPTY_BODY = YES;
				CLANG_WARN_ENUM_CONVERSION = YES;
				CLANG_WARN_INFINITE_RECURSION = YES;
				CLANG_WARN_INT_CONVERSION = YES;
				CLANG_WARN_NON_LITERAL_NULL_CONVERSION = YES;
				CLANG_WARN_OBJC_IMPLICIT_RETAIN_SELF = YES;
				CLANG_WARN_OBJC_LITERAL_CONVERSION = YES;
				CLANG_WARN_OBJC_ROOT_CLASS = YES_ERROR;
				CLANG_WARN_RANGE_LOOP_ANALYSIS = YES;
				CLANG_WARN_STRICT_PROTOTYPES = YES;
				CLANG_WARN_SUSPICIOUS_MOVE = YES;
				CLANG_WARN_UNGUARDED_AVAILABILITY = YES_AGGRESSIVE;
				CLANG_WARN_UNREACHABLE_CODE = YES;
				CLANG_WARN__DUPLICATE_METHOD_MATCH = YES;
				CODE_SIGN_IDENTITY = "iPhone Developer";
				COPY_PHASE_STRIP = NO;
				DEBUG_INFORMATION_FORMAT = "dwarf-with-dsym";
				ENABLE_NS_ASSERTIONS = NO;
				ENABLE_STRICT_OBJC_MSGSEND = YES;
				GCC_C_LANGUAGE_STANDARD = gnu11;
				GCC_NO_COMMON_BLOCKS = YES;
				GCC_WARN_64_TO_32_BIT_CONVERSION = YES;
				GCC_WARN_ABOUT_RETURN_TYPE = YES_ERROR;
				GCC_WARN_UNDECLARED_SELECTOR = YES;
				GCC_WARN_UNINITIALIZED_AUTOS = YES_AGGRESSIVE;
				GCC_WARN_UNUSED_FUNCTION = YES;
				GCC_WARN_UNUSED_VARIABLE = YES;
				IPHONEOS_DEPLOYMENT_TARGET = 11.4;
				MTL_ENABLE_DEBUG_INFO = NO;
				SDKROOT = iphoneos;
				VALIDATE_PRODUCT = YES;
			};
			name = Release;
		};
		148A96822296A4DA0062E040 /* Debug */ = {
			isa = XCBuildConfiguration;
			buildSettings = {
				ASSETCATALOG_COMPILER_APPICON_NAME = AppIcon;
				CODE_SIGN_STYLE = Automatic;
				INFOPLIST_FILE = NewTestSDK/Info.plist;
				LD_RUNPATH_SEARCH_PATHS = (
					"$(inherited)",
					"@executable_path/Frameworks",
				);
				PRODUCT_BUNDLE_IDENTIFIER = "-2345.NewTestSDK";
				PRODUCT_NAME = "$(TARGET_NAME)";
				TARGETED_DEVICE_FAMILY = "1,2";
			};
			name = Debug;
		};
		148A96832296A4DA0062E040 /* Release */ = {
			isa = XCBuildConfiguration;
			buildSettings = {
				ASSETCATALOG_COMPILER_APPICON_NAME = AppIcon;
				CODE_SIGN_STYLE = Automatic;
				INFOPLIST_FILE = NewTestSDK/Info.plist;
				LD_RUNPATH_SEARCH_PATHS = (
					"$(inherited)",
					"@executable_path/Frameworks",
				);
				PRODUCT_BUNDLE_IDENTIFIER = "-2345.NewTestSDK";
				PRODUCT_NAME = "$(TARGET_NAME)";
				TARGETED_DEVICE_FAMILY = "1,2";
			};
			name = Release;
		};
/* End XCBuildConfiguration section */

/* Begin XCConfigurationList section */
		148A96662296A4D90062E040 /* Build configuration list for PBXProject "NewTestSDK" */ = {
			isa = XCConfigurationList;
			buildConfigurations = (
				148A967F2296A4DA0062E040 /* Debug */,
				148A96802296A4DA0062E040 /* Release */,
			);
			defaultConfigurationIsVisible = 0;
			defaultConfigurationName = Release;
		};
		148A96812296A4DA0062E040 /* Build configuration list for PBXNativeTarget "NewTestSDK" */ = {
			isa = XCConfigurationList;
			buildConfigurations = (
				148A96822296A4DA0062E040 /* Debug */,
				148A96832296A4DA0062E040 /* Release */,
			);
			defaultConfigurationIsVisible = 0;
			defaultConfigurationName = Release;
		};
/* End XCConfigurationList section */
	};
	rootObject = 148A96632296A4D90062E040 /* Project object */;
}
